
Microsoft Visual Studio Solution File, Format Version 12.00
# Visual Studio Version 17
VisualStudioVersion = 17.3.32825.248
MinimumVisualStudioVersion = 10.0.40219.1
Project("{FAE04EC0-301F-11D3-BF4B-00C04F79EFBC}") = "CandidateTracker61.Web", "CandidateTracker61.Web\CandidateTracker61.Web.csproj", "{C1823A08-8A05-4595-B7B2-DC6C4EC0D49F}"
EndProject
Project("{FAE04EC0-301F-11D3-BF4B-00C04F79EFBC}") = "CandidateTracker61.Data", "CandidateTracker61.Data\CandidateTracker61.Data.csproj", "{8C484E6C-D6CB-4F2C-8602-F2EFB8BE561C}"
EndProject
Global
	GlobalSection(SolutionConfigurationPlatforms) = preSolution
		Debug|Any CPU = Debug|Any CPU
		Release|Any CPU = Release|Any CPU
	EndGlobalSection
	GlobalSection(ProjectConfigurationPlatforms) = postSolution
		{C1823A08-8A05-4595-B7B2-DC6C4EC0D49F}.Debug|Any CPU.ActiveCfg = Debug|Any CPU
		{C1823A08-8A05-4595-B7B2-DC6C4EC0D49F}.Debug|Any CPU.Build.0 = Debug|Any CPU
		{C1823A08-8A05-4595-B7B2-DC6C4EC0D49F}.Release|Any CPU.ActiveCfg = Release|Any CPU
		{C1823A08-8A05-4595-B7B2-DC6C4EC0D49F}.Release|Any CPU.Build.0 = Release|Any CPU
		{8C484E6C-D6CB-4F2C-8602-F2EFB8BE561C}.Debug|Any CPU.ActiveCfg = Debug|Any CPU
		{8C484E6C-D6CB-4F2C-8602-F2EFB8BE561C}.Debug|Any CPU.Build.0 = Debug|Any CPU
		{8C484E6C-D6CB-4F2C-8602-F2EFB8BE561C}.Release|Any CPU.ActiveCfg = Release|Any CPU
		{8C484E6C-D6CB-4F2C-8602-F2EFB8BE561C}.Release|Any CPU.Build.0 = Release|Any CPU
	EndGlobalSection
	GlobalSection(SolutionProperties) = preSolution
		HideSolutionNode = FALSE
	EndGlobalSection
	GlobalSection(ExtensibilityGlobals) = postSolution
		SolutionGuid = {A76D6CED-57E2-43E0-B540-ECC783869D8D}
	EndGlobalSection
EndGlobal
